
Microsoft Visual Studio Solution File, Format Version 12.00
# Visual Studio Version 17
VisualStudioVersion = 17.8.34330.188
MinimumVisualStudioVersion = 10.0.40219.1
Project("{9A19103F-16F7-4668-BE54-9A1E7A4F7556}") = "Ex001", "Ex001\Ex001.csproj", "{C7963568-F2A7-413E-962F-6E35AD104F63}"
EndProject
Project("{9A19103F-16F7-4668-BE54-9A1E7A4F7556}") = "Ex002", "Ex002\Ex002.csproj", "{C52C283D-88BA-489B-BC66-DD88C464809C}"
EndProject
Project("{9A19103F-16F7-4668-BE54-9A1E7A4F7556}") = "Ex003", "Ex003\Ex003.csproj", "{A4575A00-912A-44B7-844C-955639CEE6A8}"
EndProject
Project("{9A19103F-16F7-4668-BE54-9A1E7A4F7556}") = "Ex004", "Ex004\Ex004.csproj", "{1CD44FDE-983A-4576-AF34-2D987641533F}"
EndProject
Project("{9A19103F-16F7-4668-BE54-9A1E7A4F7556}") = "Ex005", "Ex005\Ex005.csproj", "{BEA7E1C8-B34E-4F57-BA0E-DC8875FCFACC}"
EndProject
Project("{FAE04EC0-301F-11D3-BF4B-00C04F79EFBC}") = "Ex006", "Ex006\Ex006.csproj", "{6E3850F3-296B-45E5-9E44-4BBF1517D09A}"
EndProject
Global
	GlobalSection(SolutionConfigurationPlatforms) = preSolution
		Debug|Any CPU = Debug|Any CPU
		Release|Any CPU = Release|Any CPU
	EndGlobalSection
	GlobalSection(ProjectConfigurationPlatforms) = postSolution
		{C7963568-F2A7-413E-962F-6E35AD104F63}.Debug|Any CPU.ActiveCfg = Debug|Any CPU
		{C7963568-F2A7-413E-962F-6E35AD104F63}.Debug|Any CPU.Build.0 = Debug|Any CPU
		{C7963568-F2A7-413E-962F-6E35AD104F63}.Release|Any CPU.ActiveCfg = Release|Any CPU
		{C7963568-F2A7-413E-962F-6E35AD104F63}.Release|Any CPU.Build.0 = Release|Any CPU
		{C52C283D-88BA-489B-BC66-DD88C464809C}.Debug|Any CPU.ActiveCfg = Debug|Any CPU
		{C52C283D-88BA-489B-BC66-DD88C464809C}.Debug|Any CPU.Build.0 = Debug|Any CPU
		{C52C283D-88BA-489B-BC66-DD88C464809C}.Release|Any CPU.ActiveCfg = Release|Any CPU
		{C52C283D-88BA-489B-BC66-DD88C464809C}.Release|Any CPU.Build.0 = Release|Any CPU
		{A4575A00-912A-44B7-844C-955639CEE6A8}.Debug|Any CPU.ActiveCfg = Debug|Any CPU
		{A4575A00-912A-44B7-844C-955639CEE6A8}.Debug|Any CPU.Build.0 = Debug|Any CPU
		{A4575A00-912A-44B7-844C-955639CEE6A8}.Release|Any CPU.ActiveCfg = Release|Any CPU
		{A4575A00-912A-44B7-844C-955639CEE6A8}.Release|Any CPU.Build.0 = Release|Any CPU
		{1CD44FDE-983A-4576-AF34-2D987641533F}.Debug|Any CPU.ActiveCfg = Debug|Any CPU
		{1CD44FDE-983A-4576-AF34-2D987641533F}.Debug|Any CPU.Build.0 = Debug|Any CPU
		{1CD44FDE-983A-4576-AF34-2D987641533F}.Release|Any CPU.ActiveCfg = Release|Any CPU
		{1CD44FDE-983A-4576-AF34-2D987641533F}.Release|Any CPU.Build.0 = Release|Any CPU
		{BEA7E1C8-B34E-4F57-BA0E-DC8875FCFACC}.Debug|Any CPU.ActiveCfg = Debug|Any CPU
		{BEA7E1C8-B34E-4F57-BA0E-DC8875FCFACC}.Debug|Any CPU.Build.0 = Debug|Any CPU
		{BEA7E1C8-B34E-4F57-BA0E-DC8875FCFACC}.Release|Any CPU.ActiveCfg = Release|Any CPU
		{BEA7E1C8-B34E-4F57-BA0E-DC8875FCFACC}.Release|Any CPU.Build.0 = Release|Any CPU
		{6E3850F3-296B-45E5-9E44-4BBF1517D09A}.Debug|Any CPU.ActiveCfg = Debug|Any CPU
		{6E3850F3-296B-45E5-9E44-4BBF1517D09A}.Debug|Any CPU.Build.0 = Debug|Any CPU
		{6E3850F3-296B-45E5-9E44-4BBF1517D09A}.Release|Any CPU.ActiveCfg = Release|Any CPU
		{6E3850F3-296B-45E5-9E44-4BBF1517D09A}.Release|Any CPU.Build.0 = Release|Any CPU
	EndGlobalSection
	GlobalSection(SolutionProperties) = preSolution
		HideSolutionNode = FALSE
	EndGlobalSection
	GlobalSection(ExtensibilityGlobals) = postSolution
		SolutionGuid = {70CBC975-680C-4F14-A517-B15AD0FF3A64}
	EndGlobalSection
EndGlobal
