
Microsoft Visual Studio Solution File, Format Version 12.00
# Visual Studio Version 17
VisualStudioVersion = 17.8.34330.188
MinimumVisualStudioVersion = 10.0.40219.1
Project("{FAE04EC0-301F-11D3-BF4B-00C04F79EFBC}") = "M01A02A", "M01A02A\M01A02A.csproj", "{932900C5-C45A-4429-A294-18D0FF825056}"
EndProject
Project("{FAE04EC0-301F-11D3-BF4B-00C04F79EFBC}") = "M01A02B", "M01A02B\M01A02B.csproj", "{43BAAE2B-D60C-466A-AE3E-1F78410503D5}"
EndProject
Project("{FAE04EC0-301F-11D3-BF4B-00C04F79EFBC}") = "M01A02C", "M01A02C\M01A02C.csproj", "{CC08A87A-A807-4464-9462-D1A01CD9EDC4}"
EndProject
Project("{FAE04EC0-301F-11D3-BF4B-00C04F79EFBC}") = "M01A02D", "M01A02D\M01A02D.csproj", "{D643D892-19AE-47DD-9405-A1FAC7F356A4}"
EndProject
Project("{FAE04EC0-301F-11D3-BF4B-00C04F79EFBC}") = "M01A02E", "M01A02E\M01A02E.csproj", "{0F4D3B2A-B19D-44DF-BAAC-833FE9A8D588}"
EndProject
Global
	GlobalSection(SolutionConfigurationPlatforms) = preSolution
		Debug|Any CPU = Debug|Any CPU
		Release|Any CPU = Release|Any CPU
	EndGlobalSection
	GlobalSection(ProjectConfigurationPlatforms) = postSolution
		{932900C5-C45A-4429-A294-18D0FF825056}.Debug|Any CPU.ActiveCfg = Debug|Any CPU
		{932900C5-C45A-4429-A294-18D0FF825056}.Debug|Any CPU.Build.0 = Debug|Any CPU
		{932900C5-C45A-4429-A294-18D0FF825056}.Release|Any CPU.ActiveCfg = Release|Any CPU
		{932900C5-C45A-4429-A294-18D0FF825056}.Release|Any CPU.Build.0 = Release|Any CPU
		{43BAAE2B-D60C-466A-AE3E-1F78410503D5}.Debug|Any CPU.ActiveCfg = Debug|Any CPU
		{43BAAE2B-D60C-466A-AE3E-1F78410503D5}.Debug|Any CPU.Build.0 = Debug|Any CPU
		{43BAAE2B-D60C-466A-AE3E-1F78410503D5}.Release|Any CPU.ActiveCfg = Release|Any CPU
		{43BAAE2B-D60C-466A-AE3E-1F78410503D5}.Release|Any CPU.Build.0 = Release|Any CPU
		{CC08A87A-A807-4464-9462-D1A01CD9EDC4}.Debug|Any CPU.ActiveCfg = Debug|Any CPU
		{CC08A87A-A807-4464-9462-D1A01CD9EDC4}.Debug|Any CPU.Build.0 = Debug|Any CPU
		{CC08A87A-A807-4464-9462-D1A01CD9EDC4}.Release|Any CPU.ActiveCfg = Release|Any CPU
		{CC08A87A-A807-4464-9462-D1A01CD9EDC4}.Release|Any CPU.Build.0 = Release|Any CPU
		{D643D892-19AE-47DD-9405-A1FAC7F356A4}.Debug|Any CPU.ActiveCfg = Debug|Any CPU
		{D643D892-19AE-47DD-9405-A1FAC7F356A4}.Debug|Any CPU.Build.0 = Debug|Any CPU
		{D643D892-19AE-47DD-9405-A1FAC7F356A4}.Release|Any CPU.ActiveCfg = Release|Any CPU
		{D643D892-19AE-47DD-9405-A1FAC7F356A4}.Release|Any CPU.Build.0 = Release|Any CPU
		{0F4D3B2A-B19D-44DF-BAAC-833FE9A8D588}.Debug|Any CPU.ActiveCfg = Debug|Any CPU
		{0F4D3B2A-B19D-44DF-BAAC-833FE9A8D588}.Debug|Any CPU.Build.0 = Debug|Any CPU
		{0F4D3B2A-B19D-44DF-BAAC-833FE9A8D588}.Release|Any CPU.ActiveCfg = Release|Any CPU
		{0F4D3B2A-B19D-44DF-BAAC-833FE9A8D588}.Release|Any CPU.Build.0 = Release|Any CPU
	EndGlobalSection
	GlobalSection(SolutionProperties) = preSolution
		HideSolutionNode = FALSE
	EndGlobalSection
	GlobalSection(ExtensibilityGlobals) = postSolution
		SolutionGuid = {B98A188C-7CF1-47CC-BE01-B76837325630}
	EndGlobalSection
EndGlobal
